
Microsoft Visual Studio Solution File, Format Version 12.00
# Visual Studio Version 16
VisualStudioVersion = 16.0.29319.158
MinimumVisualStudioVersion = 10.0.40219.1
Project("{FAE04EC0-301F-11D3-BF4B-00C04F79EFBC}") = "ShowKeys", "ShowKeys.csproj", "{590512CC-E03A-4C27-AE2E-ECADC6DDF0EC}"
EndProject
Project("{2150E333-8FDC-42A3-9474-1A3956D46DE8}") = "Solution Items", "Solution Items", "{047B8D84-7B5D-40C8-BFF7-7457337B2B41}"
	ProjectSection(SolutionItems) = preProject
		..\README.md = ..\README.md
	EndProjectSection
EndProject
Global
	GlobalSection(SolutionConfigurationPlatforms) = preSolution
		Debug|Any CPU = Debug|Any CPU
		Release|Any CPU = Release|Any CPU
	EndGlobalSection
	GlobalSection(ProjectConfigurationPlatforms) = postSolution
		{590512CC-E03A-4C27-AE2E-ECADC6DDF0EC}.Debug|Any CPU.ActiveCfg = Debug|Any CPU
		{590512CC-E03A-4C27-AE2E-ECADC6DDF0EC}.Debug|Any CPU.Build.0 = Debug|Any CPU
		{590512CC-E03A-4C27-AE2E-ECADC6DDF0EC}.Release|Any CPU.ActiveCfg = Release|Any CPU
		{590512CC-E03A-4C27-AE2E-ECADC6DDF0EC}.Release|Any CPU.Build.0 = Release|Any CPU
	EndGlobalSection
	GlobalSection(SolutionProperties) = preSolution
		HideSolutionNode = FALSE
	EndGlobalSection
	GlobalSection(ExtensibilityGlobals) = postSolution
		SolutionGuid = {7CAE24BB-B2F6-4777-B7C3-6BEFB39C100F}
	EndGlobalSection
EndGlobal
